schema: '2.0'
stages:
  dataload:
    cmd: python src/data/dataload.py
    deps:
    - path: datas/Student Depression Dataset.csv
      hash: md5
      md5: 429ccda19bdafd54c265f9ccab346c21
      size: 2807716
    - path: src/data/dataload.py
      hash: md5
      md5: 463436c53f57ab5b1250a286bcbf7a6e
      size: 1494
    params:
      params.yaml:
        data.dataload.test_size: 0.2
    outs:
    - path: datas/raw
      hash: md5
      md5: 8c9e1f6ad542707198fb57f6698e2ff4.dir
      size: 2051148
      nfiles: 2
  dataprepro:
    cmd: python src/data/dataprepro.py
    deps:
    - path: datas/raw
      hash: md5
      md5: 8c9e1f6ad542707198fb57f6698e2ff4.dir
      size: 2051148
      nfiles: 2
    - path: src/data/dataprepro.py
      hash: md5
      md5: a424155813e597366f96e65ec2a9a9d0
      size: 1450
    outs:
    - path: datas/processed
      hash: md5
      md5: 638e30a54736f8c8289c60a053b64211.dir
      size: 7579444
      nfiles: 2
  feature:
    cmd: python src/features/feature.py
    deps:
    - path: datas/processed
      hash: md5
      md5: 638e30a54736f8c8289c60a053b64211.dir
      size: 7579444
      nfiles: 2
    - path: src/features/feature.py
      hash: md5
      md5: 0a40f32d16892b8ff573ff530eb2d761
      size: 1552
    outs:
    - path: datas/feature
      hash: md5
      md5: 2f8e56a27662771db936705e9087f60a.dir
      size: 7423447
      nfiles: 4
  model_build:
    cmd: python src/models/model_build.py
    deps:
    - path: datas/feature
      hash: md5
      md5: 2f8e56a27662771db936705e9087f60a.dir
      size: 7423447
      nfiles: 4
    - path: src/models/model_build.py
      hash: md5
      md5: 84e5fd2b94a8f05b667803129034e046
      size: 3231
    params:
      params.yaml:
        models.model_build.n_estimators: 150
        models.model_build.random_state: 42
    outs:
    - path: datas/model
      hash: md5
      md5: 24e04dd0a3a80c673fa7536fbfc293fe.dir
      size: 33505
      nfiles: 2
    - path: models/model.pkl
      hash: md5
      md5: 6e912eb23728669f5b598416d7422e60
      size: 63649341
  model_evaluation:
    cmd: python src/models/model_evalution.py
    deps:
    - path: datas/model
      hash: md5
      md5: 24e04dd0a3a80c673fa7536fbfc293fe.dir
      size: 33505
      nfiles: 2
    - path: src/models/model_evalution.py
      hash: md5
      md5: 197eebc76df855953f6853f163709535
      size: 2822
    outs:
    - path: metrics.json
      hash: md5
      md5: 17f8e042422078b25f736ece99acc2ea
      size: 145
    - path: model_info.json
      hash: md5
      md5: 29b5e78ad88fe1114fac911de6bbc61a
      size: 82
  model_registration:
    cmd: python src/models/register_model.py
    deps:
    - path: model_info.json
      hash: md5
      md5: 39f61a0b14976ae3335804c3f8942b95
      size: 82
    - path: src/models/register_model.py
      hash: md5
      md5: 79c23a50f839577bb21d53f3af82acd8
      size: 2920
